
Microsoft Visual Studio Solution File, Format Version 12.00
Project("{FAE04EC0-301F-11D3-BF4B-00C04F79EFBC}") = "opytuvannia-backend", "opytuvannia-backend\opytuvannia-backend.csproj", "{713D5984-C620-4DB8-A20C-C5571C81C572}"
EndProject
Project("{FAE04EC0-301F-11D3-BF4B-00C04F79EFBC}") = "Features.UnitTests", "Features.UnitTests\Features.UnitTests.csproj", "{7CE28BC7-CFF3-4F59-BB1F-721413079457}"
EndProject
Global
	GlobalSection(SolutionConfigurationPlatforms) = preSolution
		Debug|Any CPU = Debug|Any CPU
		Release|Any CPU = Release|Any CPU
	EndGlobalSection
	GlobalSection(ProjectConfigurationPlatforms) = postSolution
		{713D5984-C620-4DB8-A20C-C5571C81C572}.Debug|Any CPU.ActiveCfg = Debug|Any CPU
		{713D5984-C620-4DB8-A20C-C5571C81C572}.Debug|Any CPU.Build.0 = Debug|Any CPU
		{713D5984-C620-4DB8-A20C-C5571C81C572}.Release|Any CPU.ActiveCfg = Release|Any CPU
		{713D5984-C620-4DB8-A20C-C5571C81C572}.Release|Any CPU.Build.0 = Release|Any CPU
		{7CE28BC7-CFF3-4F59-BB1F-721413079457}.Debug|Any CPU.ActiveCfg = Debug|Any CPU
		{7CE28BC7-CFF3-4F59-BB1F-721413079457}.Debug|Any CPU.Build.0 = Debug|Any CPU
		{7CE28BC7-CFF3-4F59-BB1F-721413079457}.Release|Any CPU.ActiveCfg = Release|Any CPU
		{7CE28BC7-CFF3-4F59-BB1F-721413079457}.Release|Any CPU.Build.0 = Release|Any CPU
	EndGlobalSection
EndGlobal
